
Microsoft Visual Studio Solution File, Format Version 11.00
# Visual Studio 2010
Project("{FAE04EC0-301F-11D3-BF4B-00C04F79EFBC}") = "SportsStore.WebUI", "SportsStore.WebUI\SportsStore.WebUI.csproj", "{8589C79A-1882-4DB5-A37A-1F4EB82A8358}"
EndProject
Project("{FAE04EC0-301F-11D3-BF4B-00C04F79EFBC}") = "SportsStore.Domain", "SportsStore.Domain\SportsStore.Domain.csproj", "{4D258222-0FB9-422A-9DC6-5C79B6371C7C}"
EndProject
Project("{FAE04EC0-301F-11D3-BF4B-00C04F79EFBC}") = "SportsStore.UnitTests", "SportsStore.UnitTests\SportsStore.UnitTests.csproj", "{9A4201D9-A935-4E50-BBBF-7912AB391B03}"
EndProject
Project("{2150E333-8FDC-42A3-9474-1A3956D46DE8}") = "Solution Items", "Solution Items", "{9A343111-FA50-4BE1-97FF-C3C4E7A9C178}"
	ProjectSection(SolutionItems) = preProject
		Local.testsettings = Local.testsettings
		SportsStore.vsmdi = SportsStore.vsmdi
		TraceAndTestImpact.testsettings = TraceAndTestImpact.testsettings
	EndProjectSection
EndProject
Global
	GlobalSection(TestCaseManagementSettings) = postSolution
		CategoryFile = SportsStore.vsmdi
	EndGlobalSection
	GlobalSection(SolutionConfigurationPlatforms) = preSolution
		Debug|Any CPU = Debug|Any CPU
		Debug|x86 = Debug|x86
		Release|Any CPU = Release|Any CPU
		Release|x86 = Release|x86
	EndGlobalSection
	GlobalSection(ProjectConfigurationPlatforms) = postSolution
		{8589C79A-1882-4DB5-A37A-1F4EB82A8358}.Debug|Any CPU.ActiveCfg = Debug|Any CPU
		{8589C79A-1882-4DB5-A37A-1F4EB82A8358}.Debug|Any CPU.Build.0 = Debug|Any CPU
		{8589C79A-1882-4DB5-A37A-1F4EB82A8358}.Debug|x86.ActiveCfg = Debug|Any CPU
		{8589C79A-1882-4DB5-A37A-1F4EB82A8358}.Debug|x86.Build.0 = Debug|Any CPU
		{8589C79A-1882-4DB5-A37A-1F4EB82A8358}.Release|Any CPU.ActiveCfg = Release|Any CPU
		{8589C79A-1882-4DB5-A37A-1F4EB82A8358}.Release|Any CPU.Build.0 = Release|Any CPU
		{8589C79A-1882-4DB5-A37A-1F4EB82A8358}.Release|x86.ActiveCfg = Release|Any CPU
		{4D258222-0FB9-422A-9DC6-5C79B6371C7C}.Debug|Any CPU.ActiveCfg = Debug|Any CPU
		{4D258222-0FB9-422A-9DC6-5C79B6371C7C}.Debug|Any CPU.Build.0 = Debug|Any CPU
		{4D258222-0FB9-422A-9DC6-5C79B6371C7C}.Debug|x86.ActiveCfg = Debug|Any CPU
		{4D258222-0FB9-422A-9DC6-5C79B6371C7C}.Debug|x86.Build.0 = Debug|Any CPU
		{4D258222-0FB9-422A-9DC6-5C79B6371C7C}.Release|Any CPU.ActiveCfg = Release|Any CPU
		{4D258222-0FB9-422A-9DC6-5C79B6371C7C}.Release|Any CPU.Build.0 = Release|Any CPU
		{4D258222-0FB9-422A-9DC6-5C79B6371C7C}.Release|x86.ActiveCfg = Release|x86
		{4D258222-0FB9-422A-9DC6-5C79B6371C7C}.Release|x86.Build.0 = Release|x86
		{9A4201D9-A935-4E50-BBBF-7912AB391B03}.Debug|Any CPU.ActiveCfg = Debug|Any CPU
		{9A4201D9-A935-4E50-BBBF-7912AB391B03}.Debug|Any CPU.Build.0 = Debug|Any CPU
		{9A4201D9-A935-4E50-BBBF-7912AB391B03}.Debug|x86.ActiveCfg = Debug|Any CPU
		{9A4201D9-A935-4E50-BBBF-7912AB391B03}.Debug|x86.Build.0 = Debug|Any CPU
		{9A4201D9-A935-4E50-BBBF-7912AB391B03}.Release|Any CPU.ActiveCfg = Release|Any CPU
		{9A4201D9-A935-4E50-BBBF-7912AB391B03}.Release|Any CPU.Build.0 = Release|Any CPU
		{9A4201D9-A935-4E50-BBBF-7912AB391B03}.Release|x86.ActiveCfg = Release|Any CPU
	EndGlobalSection
	GlobalSection(SolutionProperties) = preSolution
		HideSolutionNode = FALSE
	EndGlobalSection
EndGlobal
